{
  "name": "testclient",
  "version": "1.0.0",
  "lockfileVersion": 3,
  "requires": true,
  "packages": {
    "": {
      "name": "testclient",
      "version": "1.0.0",
      "license": "ISC",
      "dependencies": {
        "foxgram-core": "file://../foxgram-core/dist",
        "libsodium-wrappers": "^0.8.4"
      }
    },
    "../foxgram-core": {
      "version": "1.0.0",
      "dev": true,
      "license": "MIT",
      "optional": true,
      "peer": true,
      "dependencies": {
        "libsodium-wrappers": "^0.7.13"
      },
      "devDependencies": {
        "@types/jest": "^29.5.12",
        "@types/libsodium-wrappers": "^0.7.11",
        "jest": "^29.7.0",
        "ts-jest": "^29.2.5",
        "typescript": "^5.6.3"
      }
    },
    "../foxgram-core/dist": {},
    "node_modules/foxgram-core": {
      "resolved": "../foxgram-core/dist",
      "link": true
    },
    "node_modules/libsodium": {
      "version": "0.8.4",
      "resolved": "https://registry.npmjs.org/libsodium/-/libsodium-0.8.4.tgz",
      "integrity": "sha512-lMcYaRi0zcs7tarATsQUYC7rstliIXZuoq0c6zXSgNtSNtdvBgkSegjWhpMJAXzKX3SUSwIp7+zEsob+j3LuRw==",
      "license": "ISC"
    },
    "node_modules/libsodium-wrappers": {
      "version": "0.8.4",
      "resolved": "https://registry.npmjs.org/libsodium-wrappers/-/libsodium-wrappers-0.8.4.tgz",
      "integrity": "sha512-mu8aAWucZjTB5O/BtGXtW4e1agy7uHxNYG7zPthmmD1jU43LCDmSWZLN4JhflbdPXj3yDO4lxM1O9hLDgIOXDw==",
      "license": "ISC",
      "dependencies": {
        "libsodium": "^0.8.0"
      }
    }
  }
}
